
Microsoft Visual Studio Solution File, Format Version 12.00
# Visual Studio Version 16
VisualStudioVersion = 16.0.29503.13
MinimumVisualStudioVersion = 10.0.40219.1
Project("{9A19103F-16F7-4668-BE54-9A1E7A4F7556}") = "ReallySimpleDocumentation", "ReallySimpleDocumentation\ReallySimpleDocumentation.csproj", "{31997E7A-E099-467E-8BAA-1FDF5C7A229B}"
EndProject
Project("{FAE04EC0-301F-11D3-BF4B-00C04F79EFBC}") = "ReallySimpleDocumentation.Demo", "ReallySimpleDocumentation.Demo\ReallySimpleDocumentation.Demo.csproj", "{394D0D46-BE7C-4059-A28B-2EEFD2ADE235}"
EndProject
Global
	GlobalSection(SolutionConfigurationPlatforms) = preSolution
		Debug|Any CPU = Debug|Any CPU
		Release|Any CPU = Release|Any CPU
	EndGlobalSection
	GlobalSection(ProjectConfigurationPlatforms) = postSolution
		{31997E7A-E099-467E-8BAA-1FDF5C7A229B}.Debug|Any CPU.ActiveCfg = Debug|Any CPU
		{31997E7A-E099-467E-8BAA-1FDF5C7A229B}.Debug|Any CPU.Build.0 = Debug|Any CPU
		{31997E7A-E099-467E-8BAA-1FDF5C7A229B}.Release|Any CPU.ActiveCfg = Release|Any CPU
		{31997E7A-E099-467E-8BAA-1FDF5C7A229B}.Release|Any CPU.Build.0 = Release|Any CPU
		{394D0D46-BE7C-4059-A28B-2EEFD2ADE235}.Debug|Any CPU.ActiveCfg = Debug|Any CPU
		{394D0D46-BE7C-4059-A28B-2EEFD2ADE235}.Debug|Any CPU.Build.0 = Debug|Any CPU
		{394D0D46-BE7C-4059-A28B-2EEFD2ADE235}.Release|Any CPU.ActiveCfg = Release|Any CPU
		{394D0D46-BE7C-4059-A28B-2EEFD2ADE235}.Release|Any CPU.Build.0 = Release|Any CPU
	EndGlobalSection
	GlobalSection(SolutionProperties) = preSolution
		HideSolutionNode = FALSE
	EndGlobalSection
	GlobalSection(ExtensibilityGlobals) = postSolution
		SolutionGuid = {20E14812-5A97-42CC-AACD-A4CB143F4915}
	EndGlobalSection
EndGlobal
